
Microsoft Visual Studio Solution File, Format Version 12.00
# Visual Studio 15
Project("{FAE04EC0-301F-11D3-BF4B-00C04F79EFBC}") = "Assembly-CSharp", "Assembly-CSharp.csproj", "{8F05F160-F93C-8307-BE2C-DE504F472D6A}"
EndProject
Project("{FAE04EC0-301F-11D3-BF4B-00C04F79EFBC}") = "Assembly-CSharp-Editor", "Assembly-CSharp-Editor.csproj", "{37B0A03B-7CCE-AC0E-CB59-2CF4279CD9B0}"
EndProject
Global
	GlobalSection(SolutionConfigurationPlatforms) = preSolution
		Debug|Any CPU = Debug|Any CPU
		Release|Any CPU = Release|Any CPU
	EndGlobalSection
	GlobalSection(ProjectConfigurationPlatforms) = postSolution
		{8F05F160-F93C-8307-BE2C-DE504F472D6A}.Debug|Any CPU.ActiveCfg = Debug|Any CPU
		{8F05F160-F93C-8307-BE2C-DE504F472D6A}.Debug|Any CPU.Build.0 = Debug|Any CPU
		{8F05F160-F93C-8307-BE2C-DE504F472D6A}.Release|Any CPU.ActiveCfg = Release|Any CPU
		{8F05F160-F93C-8307-BE2C-DE504F472D6A}.Release|Any CPU.Build.0 = Release|Any CPU
		{37B0A03B-7CCE-AC0E-CB59-2CF4279CD9B0}.Debug|Any CPU.ActiveCfg = Debug|Any CPU
		{37B0A03B-7CCE-AC0E-CB59-2CF4279CD9B0}.Debug|Any CPU.Build.0 = Debug|Any CPU
		{37B0A03B-7CCE-AC0E-CB59-2CF4279CD9B0}.Release|Any CPU.ActiveCfg = Release|Any CPU
		{37B0A03B-7CCE-AC0E-CB59-2CF4279CD9B0}.Release|Any CPU.Build.0 = Release|Any CPU
	EndGlobalSection
	GlobalSection(SolutionProperties) = preSolution
		HideSolutionNode = FALSE
	EndGlobalSection
EndGlobal
